
Microsoft Visual Studio Solution File, Format Version 12.00
# Visual Studio 14
VisualStudioVersion = 14.0.23107.0
MinimumVisualStudioVersion = 10.0.40219.1
Project("{FAE04EC0-301F-11D3-BF4B-00C04F79EFBC}") = "jiangliMax", "jiangliMax\jiangliMax.csproj", "{B6B7C37D-E96E-4235-9E0D-6E0BBF876AC2}"
EndProject
Project("{FAE04EC0-301F-11D3-BF4B-00C04F79EFBC}") = "DataDeal", "DataDeal\DataDeal.csproj", "{6E0836B0-B998-4D61-9727-BEC2F1D6CF27}"
EndProject
Global
	GlobalSection(SolutionConfigurationPlatforms) = preSolution
		Debug|Any CPU = Debug|Any CPU
		Release|Any CPU = Release|Any CPU
	EndGlobalSection
	GlobalSection(ProjectConfigurationPlatforms) = postSolution
		{B6B7C37D-E96E-4235-9E0D-6E0BBF876AC2}.Debug|Any CPU.ActiveCfg = Debug|Any CPU
		{B6B7C37D-E96E-4235-9E0D-6E0BBF876AC2}.Debug|Any CPU.Build.0 = Debug|Any CPU
		{B6B7C37D-E96E-4235-9E0D-6E0BBF876AC2}.Release|Any CPU.ActiveCfg = Release|Any CPU
		{B6B7C37D-E96E-4235-9E0D-6E0BBF876AC2}.Release|Any CPU.Build.0 = Release|Any CPU
		{6E0836B0-B998-4D61-9727-BEC2F1D6CF27}.Debug|Any CPU.ActiveCfg = Debug|Any CPU
		{6E0836B0-B998-4D61-9727-BEC2F1D6CF27}.Debug|Any CPU.Build.0 = Debug|Any CPU
		{6E0836B0-B998-4D61-9727-BEC2F1D6CF27}.Release|Any CPU.ActiveCfg = Release|Any CPU
		{6E0836B0-B998-4D61-9727-BEC2F1D6CF27}.Release|Any CPU.Build.0 = Release|Any CPU
	EndGlobalSection
	GlobalSection(SolutionProperties) = preSolution
		HideSolutionNode = FALSE
	EndGlobalSection
EndGlobal
